
Microsoft Visual Studio Solution File, Format Version 12.00
# Visual Studio 15
VisualStudioVersion = 15.0.28307.102
MinimumVisualStudioVersion = 10.0.40219.1
Project("{9A19103F-16F7-4668-BE54-9A1E7A4F7556}") = "GoGo", "GoGo\GoGo.csproj", "{5D6F7D03-2E56-4043-8F84-93F3A5798346}"
EndProject
Project("{9A19103F-16F7-4668-BE54-9A1E7A4F7556}") = "GoGo.Models", "GoGo.Models\GoGo.Models.csproj", "{CD5CF5FC-D83B-47F8-94C9-AE52EF239573}"
EndProject
Project("{9A19103F-16F7-4668-BE54-9A1E7A4F7556}") = "GoGo.Data", "GoGo.Data\GoGo.Data.csproj", "{8B8199FD-998C-47BF-9E32-5EFC0BB0E002}"
EndProject
Project("{2150E333-8FDC-42A3-9474-1A3956D46DE8}") = "Web", "Web", "{99D2C9BF-0D23-4290-8BA4-EA24EF7996A4}"
EndProject
Project("{2150E333-8FDC-42A3-9474-1A3956D46DE8}") = "Data", "Data", "{43DA25EF-DDD0-4F16-BC6B-1244349177B1}"
EndProject
Project("{2150E333-8FDC-42A3-9474-1A3956D46DE8}") = "Models", "Models", "{88747439-1C21-4586-B839-EA18D5368434}"
EndProject
Project("{2150E333-8FDC-42A3-9474-1A3956D46DE8}") = "Tests", "Tests", "{A1E111A6-343F-4457-8803-D767574B0639}"
EndProject
Project("{FAE04EC0-301F-11D3-BF4B-00C04F79EFBC}") = "SendBox", "SendBox\SendBox.csproj", "{0EB2760A-5C2B-4921-B9A4-AFE36FB9A676}"
EndProject
Project("{2150E333-8FDC-42A3-9474-1A3956D46DE8}") = "Repository", "Repository", "{DB65B5EF-953C-4AFB-A97D-D04701B1F40B}"
EndProject
Project("{FAE04EC0-301F-11D3-BF4B-00C04F79EFBC}") = "GoGo.Data.Common", "GoGo.Data.Common\GoGo.Data.Common.csproj", "{2AD4C6AE-2E05-444D-B7DA-6F663EBA71BC}"
EndProject
Project("{2150E333-8FDC-42A3-9474-1A3956D46DE8}") = "ViewModelss", "ViewModelss", "{09C333FF-A117-41A8-B556-07D7CBD88821}"
EndProject
Project("{2150E333-8FDC-42A3-9474-1A3956D46DE8}") = "DestinationDetails", "DestinationDetails", "{11C7263A-42ED-4487-ABF2-E780914A10A4}"
EndProject
Project("{2150E333-8FDC-42A3-9474-1A3956D46DE8}") = "Home", "Home", "{E97D44E3-D716-44E7-AA6E-FE6F76E5AE9B}"
EndProject
Project("{FAE04EC0-301F-11D3-BF4B-00C04F79EFBC}") = "ViewModels", "ViewModels\ViewModels.csproj", "{020BE63B-D93D-4500-828B-C1861813E9B9}"
EndProject
Global
	GlobalSection(SolutionConfigurationPlatforms) = preSolution
		Debug|Any CPU = Debug|Any CPU
		Release|Any CPU = Release|Any CPU
	EndGlobalSection
	GlobalSection(ProjectConfigurationPlatforms) = postSolution
		{5D6F7D03-2E56-4043-8F84-93F3A5798346}.Debug|Any CPU.ActiveCfg = Debug|Any CPU
		{5D6F7D03-2E56-4043-8F84-93F3A5798346}.Debug|Any CPU.Build.0 = Debug|Any CPU
		{5D6F7D03-2E56-4043-8F84-93F3A5798346}.Release|Any CPU.ActiveCfg = Release|Any CPU
		{5D6F7D03-2E56-4043-8F84-93F3A5798346}.Release|Any CPU.Build.0 = Release|Any CPU
		{CD5CF5FC-D83B-47F8-94C9-AE52EF239573}.Debug|Any CPU.ActiveCfg = Debug|Any CPU
		{CD5CF5FC-D83B-47F8-94C9-AE52EF239573}.Debug|Any CPU.Build.0 = Debug|Any CPU
		{CD5CF5FC-D83B-47F8-94C9-AE52EF239573}.Release|Any CPU.ActiveCfg = Release|Any CPU
		{CD5CF5FC-D83B-47F8-94C9-AE52EF239573}.Release|Any CPU.Build.0 = Release|Any CPU
		{8B8199FD-998C-47BF-9E32-5EFC0BB0E002}.Debug|Any CPU.ActiveCfg = Debug|Any CPU
		{8B8199FD-998C-47BF-9E32-5EFC0BB0E002}.Debug|Any CPU.Build.0 = Debug|Any CPU
		{8B8199FD-998C-47BF-9E32-5EFC0BB0E002}.Release|Any CPU.ActiveCfg = Release|Any CPU
		{8B8199FD-998C-47BF-9E32-5EFC0BB0E002}.Release|Any CPU.Build.0 = Release|Any CPU
		{0EB2760A-5C2B-4921-B9A4-AFE36FB9A676}.Debug|Any CPU.ActiveCfg = Debug|Any CPU
		{0EB2760A-5C2B-4921-B9A4-AFE36FB9A676}.Debug|Any CPU.Build.0 = Debug|Any CPU
		{0EB2760A-5C2B-4921-B9A4-AFE36FB9A676}.Release|Any CPU.ActiveCfg = Release|Any CPU
		{0EB2760A-5C2B-4921-B9A4-AFE36FB9A676}.Release|Any CPU.Build.0 = Release|Any CPU
		{2AD4C6AE-2E05-444D-B7DA-6F663EBA71BC}.Debug|Any CPU.ActiveCfg = Debug|Any CPU
		{2AD4C6AE-2E05-444D-B7DA-6F663EBA71BC}.Debug|Any CPU.Build.0 = Debug|Any CPU
		{2AD4C6AE-2E05-444D-B7DA-6F663EBA71BC}.Release|Any CPU.ActiveCfg = Release|Any CPU
		{2AD4C6AE-2E05-444D-B7DA-6F663EBA71BC}.Release|Any CPU.Build.0 = Release|Any CPU
		{020BE63B-D93D-4500-828B-C1861813E9B9}.Debug|Any CPU.ActiveCfg = Debug|Any CPU
		{020BE63B-D93D-4500-828B-C1861813E9B9}.Debug|Any CPU.Build.0 = Debug|Any CPU
		{020BE63B-D93D-4500-828B-C1861813E9B9}.Release|Any CPU.ActiveCfg = Release|Any CPU
		{020BE63B-D93D-4500-828B-C1861813E9B9}.Release|Any CPU.Build.0 = Release|Any CPU
	EndGlobalSection
	GlobalSection(SolutionProperties) = preSolution
		HideSolutionNode = FALSE
	EndGlobalSection
	GlobalSection(NestedProjects) = preSolution
		{5D6F7D03-2E56-4043-8F84-93F3A5798346} = {99D2C9BF-0D23-4290-8BA4-EA24EF7996A4}
		{CD5CF5FC-D83B-47F8-94C9-AE52EF239573} = {88747439-1C21-4586-B839-EA18D5368434}
		{8B8199FD-998C-47BF-9E32-5EFC0BB0E002} = {43DA25EF-DDD0-4F16-BC6B-1244349177B1}
		{0EB2760A-5C2B-4921-B9A4-AFE36FB9A676} = {A1E111A6-343F-4457-8803-D767574B0639}
		{2AD4C6AE-2E05-444D-B7DA-6F663EBA71BC} = {DB65B5EF-953C-4AFB-A97D-D04701B1F40B}
		{11C7263A-42ED-4487-ABF2-E780914A10A4} = {09C333FF-A117-41A8-B556-07D7CBD88821}
		{E97D44E3-D716-44E7-AA6E-FE6F76E5AE9B} = {09C333FF-A117-41A8-B556-07D7CBD88821}
		{020BE63B-D93D-4500-828B-C1861813E9B9} = {09C333FF-A117-41A8-B556-07D7CBD88821}
	EndGlobalSection
	GlobalSection(ExtensibilityGlobals) = postSolution
		SolutionGuid = {E33D952A-14E4-4455-A2E9-EE3C9B2A0607}
	EndGlobalSection
EndGlobal
